// !$*UTF8*$!
{
	archiveVersion = 1;
	classes = {
	};
	objectVersion = 110;
	objects = {

/* Begin PBXContainerItemProxy section */
		44FC68B53064C5EF005654DF /* PBXContainerItemProxy */ = {
			isa = PBXContainerItemProxy;
			containerPortal = 44FC689F3064C5ED005654DF /* Project object */;
			proxyType = 1;
			remoteGlobalIDString = 44FC68A63064C5ED005654DF;
			remoteInfo = "SLEAP iOS";
		};
		44FC68BF3064C5EF005654DF /* PBXContainerItemProxy */ = {
			isa = PBXContainerItemProxy;
			containerPortal = 44FC689F3064C5ED005654DF /* Project object */;
			proxyType = 1;
			remoteGlobalIDString = 44FC68A63064C5ED005654DF;
			remoteInfo = "SLEAP iOS";
		};
/* End PBXContainerItemProxy section */

/* Begin PBXFileReference section */
		44FC68A73064C5ED005654DF /* SLEAP iOS.app */ = {isa = PBXFileReference; explicitFileType = wrapper.application; includeInIndex = 0; path = "SLEAP iOS.app"; sourceTree = BUILT_PRODUCTS_DIR; };
		44FC68B43064C5EF005654DF /* SLEAP iOSTests.xctest */ = {isa = PBXFileReference; explicitFileType = wrapper.cfbundle; includeInIndex = 0; path = "SLEAP iOSTests.xctest"; sourceTree = BUILT_PRODUCTS_DIR; };
		44FC68BE3064C5EF005654DF /* SLEAP iOSUITests.xctest */ = {isa = PBXFileReference; explicitFileType = wrapper.cfbundle; includeInIndex = 0; path = "SLEAP iOSUITests.xctest"; sourceTree = BUILT_PRODUCTS_DIR; };
/* End PBXFileReference section */

/* Begin PBXFileSystemSynchronizedRootGroup section */
		44FC68A93064C5ED005654DF /* SLEAP iOS */ = {
			isa = PBXFileSystemSynchronizedRootGroup;
			path = "SLEAP iOS";
			sourceTree = "<group>";
		};
		44FC68B73064C5EF005654DF /* SLEAP iOSTests */ = {
			isa = PBXFileSystemSynchronizedRootGroup;
			path = "SLEAP iOSTests";
			sourceTree = "<group>";
		};
		44FC68C13064C5EF005654DF /* SLEAP iOSUITests */ = {
			isa = PBXFileSystemSynchronizedRootGroup;
			path = "SLEAP iOSUITests";
			sourceTree = "<group>";
		};
		44FC68CF3065B16A005654DF /* Reference */ = {
			isa = PBXFileSystemSynchronizedRootGroup;
			path = Reference;
			sourceTree = "<group>";
		};
/* End PBXFileSystemSynchronizedRootGroup section */

/* Begin PBXFrameworksBuildPhase section */
		44FC68A43064C5ED005654DF /* Frameworks */ = {
			isa = PBXFrameworksBuildPhase;
			files = (
			);
		};
		44FC68B13064C5EF005654DF /* Frameworks */ = {
			isa = PBXFrameworksBuildPhase;
			files = (
			);
		};
		44FC68BB3064C5EF005654DF /* Frameworks */ = {
			isa = PBXFrameworksBuildPhase;
			files = (
			);
		};
/* End PBXFrameworksBuildPhase section */

/* Begin PBXGroup section */
		44FC689E3064C5ED005654DF = {
			isa = PBXGroup;
			children = (
				44FC68CF3065B16A005654DF /* Reference */,
				44FC68A93064C5ED005654DF /* SLEAP iOS */,
				44FC68B73064C5EF005654DF /* SLEAP iOSTests */,
				44FC68C13064C5EF005654DF /* SLEAP iOSUITests */,
				44FC68A83064C5ED005654DF /* Products */,
			);
			sourceTree = "<group>";
		};
		44FC68A83064C5ED005654DF /* Products */ = {
			isa = PBXGroup;
			children = (
				44FC68A73064C5ED005654DF /* SLEAP iOS.app */,
				44FC68B43064C5EF005654DF /* SLEAP iOSTests.xctest */,
				44FC68BE3064C5EF005654DF /* SLEAP iOSUITests.xctest */,
			);
			name = Products;
			sourceTree = "<group>";
		};
/* End PBXGroup section */

/* Begin PBXNativeTarget section */
		44FC68A63064C5ED005654DF /* SLEAP iOS */ = {
			isa = PBXNativeTarget;
			buildConfigurationList = 44FC68C63064C5EF005654DF /* Build configuration list for PBXNativeTarget "SLEAP iOS" */;
			buildPhases = (
				44FC68A33064C5ED005654DF /* Sources */,
				44FC68A43064C5ED005654DF /* Frameworks */,
				44FC68A53064C5ED005654DF /* Resources */,
			);
			buildRules = (
			);
			fileSystemSynchronizedGroups = (
				44FC68A93064C5ED005654DF /* SLEAP iOS */,
				44FC68CF3065B16A005654DF /* Reference */,
			);
			name = "SLEAP iOS";
			productName = "SLEAP iOS";
			productReference = 44FC68A73064C5ED005654DF /* SLEAP iOS.app */;
			productType = "com.apple.product-type.application";
		};
		44FC68B33064C5EF005654DF /* SLEAP iOSTests */ = {
			isa = PBXNativeTarget;
			buildConfigurationList = 44FC68C93064C5EF005654DF /* Build configuration list for PBXNativeTarget "SLEAP iOSTests" */;
			buildPhases = (
				44FC68B03064C5EF005654DF /* Sources */,
				44FC68B13064C5EF005654DF /* Frameworks */,
				44FC68B23064C5EF005654DF /* Resources */,
			);
			buildRules = (
			);
			dependencies = (
				44FC68B63064C5EF005654DF /* PBXTargetDependency */,
			);
			fileSystemSynchronizedGroups = (
				44FC68B73064C5EF005654DF /* SLEAP iOSTests */,
			);
			name = "SLEAP iOSTests";
			productName = "SLEAP iOSTests";
			productReference = 44FC68B43064C5EF005654DF /* SLEAP iOSTests.xctest */;
			productType = "com.apple.product-type.bundle.unit-test";
		};
		44FC68BD3064C5EF005654DF /* SLEAP iOSUITests */ = {
			isa = PBXNativeTarget;
			buildConfigurationList = 44FC68CC3064C5EF005654DF /* Build configuration list for PBXNativeTarget "SLEAP iOSUITests" */;
			buildPhases = (
				44FC68BA3064C5EF005654DF /* Sources */,
				44FC68BB3064C5EF005654DF /* Frameworks */,
				44FC68BC3064C5EF005654DF /* Resources */,
			);
			buildRules = (
			);
			dependencies = (
				44FC68C03064C5EF005654DF /* PBXTargetDependency */,
			);
			fileSystemSynchronizedGroups = (
				44FC68C13064C5EF005654DF /* SLEAP iOSUITests */,
			);
			name = "SLEAP iOSUITests";
			productName = "SLEAP iOSUITests";
			productReference = 44FC68BE3064C5EF005654DF /* SLEAP iOSUITests.xctest */;
			productType = "com.apple.product-type.bundle.ui-testing";
		};
/* End PBXNativeTarget section */

/* Begin PBXProject section */
		44FC689F3064C5ED005654DF /* Project object */ = {
			isa = PBXProject;
			attributes = {
				BuildIndependentTargetsInParallel = 1;
				LastSwiftUpdateCheck = 2700;
				LastUpgradeCheck = 2700;
				TargetAttributes = {
					44FC68A63064C5ED005654DF = {
						CreatedOnToolsVersion = 27.0;
					};
					44FC68B33064C5EF005654DF = {
						CreatedOnToolsVersion = 27.0;
						TestTargetID = 44FC68A63064C5ED005654DF;
					};
					44FC68BD3064C5EF005654DF = {
						CreatedOnToolsVersion = 27.0;
						TestTargetID = 44FC68A63064C5ED005654DF;
					};
				};
			};
			buildConfigurationList = 44FC68A23064C5ED005654DF /* Build configuration list for PBXProject "SLEAP iOS" */;
			developmentRegion = en;
			hasScannedForEncodings = 0;
			knownRegions = (
				en,
				Base,
			);
			mainGroup = 44FC689E3064C5ED005654DF;
			minimizedProjectReferenceProxies = 1;
			preferredProjectObjectVersion = 77;
			productRefGroup = 44FC68A83064C5ED005654DF /* Products */;
			projectDirPath = "";
			projectRoot = "";
			targets = (
				44FC68A63064C5ED005654DF /* SLEAP iOS */,
				44FC68B33064C5EF005654DF /* SLEAP iOSTests */,
				44FC68BD3064C5EF005654DF /* SLEAP iOSUITests */,
			);
		};
/* End PBXProject section */

/* Begin PBXResourcesBuildPhase section */
		44FC68A53064C5ED005654DF /* Resources */ = {
			isa = PBXResourcesBuildPhase;
			files = (
			);
		};
		44FC68B23064C5EF005654DF /* Resources */ = {
			isa = PBXResourcesBuildPhase;
			files = (
			);
		};
		44FC68BC3064C5EF005654DF /* Resources */ = {
			isa = PBXResourcesBuildPhase;
			files = (
			);
		};
/* End PBXResourcesBuildPhase section */

/* Begin PBXSourcesBuildPhase section */
		44FC68A33064C5ED005654DF /* Sources */ = {
			isa = PBXSourcesBuildPhase;
			files = (
			);
		};
		44FC68B03064C5EF005654DF /* Sources */ = {
			isa = PBXSourcesBuildPhase;
			files = (
			);
		};
		44FC68BA3064C5EF005654DF /* Sources */ = {
			isa = PBXSourcesBuildPhase;
			files = (
			);
		};
/* End PBXSourcesBuildPhase section */

/* Begin PBXTargetDependency section */
		44FC68B63064C5EF005654DF /* PBXTargetDependency */ = {
			isa = PBXTargetDependency;
			target = 44FC68A63064C5ED005654DF /* SLEAP iOS */;
			targetProxy = 44FC68B53064C5EF005654DF /* PBXContainerItemProxy */;
		};
		44FC68C03064C5EF005654DF /* PBXTargetDependency */ = {
			isa = PBXTargetDependency;
			target = 44FC68A63064C5ED005654DF /* SLEAP iOS */;
			targetProxy = 44FC68BF3064C5EF005654DF /* PBXContainerItemProxy */;
		};
/* End PBXTargetDependency section */

/* Begin XCBuildConfiguration section */
		44FC68C43064C5EF005654DF /* Debug configuration for PBXProject "SLEAP iOS" */ = {
			isa = XCBuildConfiguration;
			buildSettings = {
				ALWAYS_SEARCH_USER_PATHS = NO;
				ASSETCATALOG_COMPILER_GENERATE_SWIFT_ASSET_SYMBOL_EXTENSIONS = YES;
				CLANG_ANALYZER_NONNULL = YES;
				CLANG_ANALYZER_NUMBER_OBJECT_CONVERSION = YES_AGGRESSIVE;
				CLANG_CXX_LANGUAGE_STANDARD = "gnu++20";
				CLANG_ENABLE_MODULES = YES;
				CLANG_ENABLE_OBJC_ARC = YES;
				CLANG_ENABLE_OBJC_WEAK = YES;
				CLANG_WARN_BLOCK_CAPTURE_AUTORELEASING = YES;
				CLANG_WARN_BOOL_CONVERSION = YES;
				CLANG_WARN_COMMA = YES;
				CLANG_WARN_CONSTANT_CONVERSION = YES;
				CLANG_WARN_DEPRECATED_OBJC_IMPLEMENTATIONS = YES;
				CLANG_WARN_DIRECT_OBJC_ISA_USAGE = YES_ERROR;
				CLANG_WARN_DOCUMENTATION_COMMENTS = YES;
				CLANG_WARN_EMPTY_BODY = YES;
				CLANG_WARN_ENUM_CONVERSION = YES;
				CLANG_WARN_INFINITE_RECURSION = YES;
				CLANG_WARN_INT_CONVERSION = YES;
				CLANG_WARN_NON_LITERAL_NULL_CONVERSION = YES;
				CLANG_WARN_OBJC_IMPLICIT_RETAIN_SELF = YES;
				CLANG_WARN_OBJC_LITERAL_CONVERSION = YES;
				CLANG_WARN_OBJC_ROOT_CLASS = YES_ERROR;
				CLANG_WARN_QUOTED_INCLUDE_IN_FRAMEWORK_HEADER = YES;
				CLANG_WARN_RANGE_LOOP_ANALYSIS = YES;
				CLANG_WARN_STRICT_PROTOTYPES = YES;
				CLANG_WARN_SUSPICIOUS_MOVE = YES;
				CLANG_WARN_UNGUARDED_AVAILABILITY = YES_AGGRESSIVE;
				CLANG_WARN_UNREACHABLE_CODE = YES;
				CLANG_WARN__DUPLICATE_METHOD_MATCH = YES;
				COPY_PHASE_STRIP = NO;
				DEBUG_INFORMATION_FORMAT = dwarf;
				DEVELOPMENT_TEAM = D7Q7DB5R8J;
				ENABLE_STRICT_OBJC_MSGSEND = YES;
				ENABLE_TESTABILITY = YES;
				ENABLE_USER_SCRIPT_SANDBOXING = YES;
				GCC_C_LANGUAGE_STANDARD = gnu17;
				GCC_DYNAMIC_NO_PIC = NO;
				GCC_NO_COMMON_BLOCKS = YES;
				GCC_OPTIMIZATION_LEVEL = 0;
				GCC_PREPROCESSOR_DEFINITIONS = (
					"DEBUG=1",
					"$(inherited)",
				);
				GCC_WARN_64_TO_32_BIT_CONVERSION = YES;
				GCC_WARN_ABOUT_RETURN_TYPE = YES_ERROR;
				GCC_WARN_UNDECLARED_SELECTOR = YES;
				GCC_WARN_UNINITIALIZED_AUTOS = YES_AGGRESSIVE;
				GCC_WARN_UNUSED_FUNCTION = YES;
				GCC_WARN_UNUSED_VARIABLE = YES;
				IPHONEOS_DEPLOYMENT_TARGET = 27.0;
				LOCALIZATION_PREFERS_STRING_CATALOGS = YES;
				MTL_ENABLE_DEBUG_INFO = INCLUDE_SOURCE;
				MTL_FAST_MATH = YES;
				ONLY_ACTIVE_ARCH = YES;
				SDKROOT = iphoneos;
				SWIFT_ACTIVE_COMPILATION_CONDITIONS = "DEBUG $(inherited)";
				SWIFT_OPTIMIZATION_LEVEL = "-Onone";
			};
			name = Debug;
		};
		44FC68C53064C5EF005654DF /* Release configuration for PBXProject "SLEAP iOS" */ = {
			isa = XCBuildConfiguration;
			buildSettings = {
				ALWAYS_SEARCH_USER_PATHS = NO;
				ASSETCATALOG_COMPILER_GENERATE_SWIFT_ASSET_SYMBOL_EXTENSIONS = YES;
				CLANG_ANALYZER_NONNULL = YES;
				CLANG_ANALYZER_NUMBER_OBJECT_CONVERSION = YES_AGGRESSIVE;
				CLANG_CXX_LANGUAGE_STANDARD = "gnu++20";
				CLANG_ENABLE_MODULES = YES;
				CLANG_ENABLE_OBJC_ARC = YES;
				CLANG_ENABLE_OBJC_WEAK = YES;
				CLANG_WARN_BLOCK_CAPTURE_AUTORELEASING = YES;
				CLANG_WARN_BOOL_CONVERSION = YES;
				CLANG_WARN_COMMA = YES;
				CLANG_WARN_CONSTANT_CONVERSION = YES;
				CLANG_WARN_DEPRECATED_OBJC_IMPLEMENTATIONS = YES;
				CLANG_WARN_DIRECT_OBJC_ISA_USAGE = YES_ERROR;
				CLANG_WARN_DOCUMENTATION_COMMENTS = YES;
				CLANG_WARN_EMPTY_BODY = YES;
				CLANG_WARN_ENUM_CONVERSION = YES;
				CLANG_WARN_INFINITE_RECURSION = YES;
				CLANG_WARN_INT_CONVERSION = YES;
				CLANG_WARN_NON_LITERAL_NULL_CONVERSION = YES;
				CLANG_WARN_OBJC_IMPLICIT_RETAIN_SELF = YES;
				CLANG_WARN_OBJC_LITERAL_CONVERSION = YES;
				CLANG_WARN_OBJC_ROOT_CLASS = YES_ERROR;
				CLANG_WARN_QUOTED_INCLUDE_IN_FRAMEWORK_HEADER = YES;
				CLANG_WARN_RANGE_LOOP_ANALYSIS = YES;
				CLANG_WARN_STRICT_PROTOTYPES = YES;
				CLANG_WARN_SUSPICIOUS_MOVE = YES;
				CLANG_WARN_UNGUARDED_AVAILABILITY = YES_AGGRESSIVE;
				CLANG_WARN_UNREACHABLE_CODE = YES;
				CLANG_WARN__DUPLICATE_METHOD_MATCH = YES;
				COPY_PHASE_STRIP = NO;
				DEBUG_INFORMATION_FORMAT = "dwarf-with-dsym";
				DEVELOPMENT_TEAM = D7Q7DB5R8J;
				ENABLE_NS_ASSERTIONS = NO;
				ENABLE_STRICT_OBJC_MSGSEND = YES;
				ENABLE_USER_SCRIPT_SANDBOXING = YES;
				GCC_C_LANGUAGE_STANDARD = gnu17;
				GCC_NO_COMMON_BLOCKS = YES;
				GCC_WARN_64_TO_32_BIT_CONVERSION = YES;
				GCC_WARN_ABOUT_RETURN_TYPE = YES_ERROR;
				GCC_WARN_UNDECLARED_SELECTOR = YES;
				GCC_WARN_UNINITIALIZED_AUTOS = YES_AGGRESSIVE;
				GCC_WARN_UNUSED_FUNCTION = YES;
				GCC_WARN_UNUSED_VARIABLE = YES;
				IPHONEOS_DEPLOYMENT_TARGET = 27.0;
				LOCALIZATION_PREFERS_STRING_CATALOGS = YES;
				MTL_ENABLE_DEBUG_INFO = NO;
				MTL_FAST_MATH = YES;
				SDKROOT = iphoneos;
				SWIFT_COMPILATION_MODE = wholemodule;
				VALIDATE_PRODUCT = YES;
			};
			name = Release;
		};
		44FC68C73064C5EF005654DF /* Debug configuration for PBXNativeTarget "SLEAP iOS" */ = {
			isa = XCBuildConfiguration;
			buildSettings = {
				ASSETCATALOG_COMPILER_APPICON_NAME = AppIcon;
				ASSETCATALOG_COMPILER_GLOBAL_ACCENT_COLOR_NAME = AccentColor;
				CODE_SIGN_STYLE = Automatic;
				CURRENT_PROJECT_VERSION = 1;
				DEVELOPMENT_TEAM = D7Q7DB5R8J;
				ENABLE_PREVIEWS = YES;
				GENERATE_INFOPLIST_FILE = YES;
				INFOPLIST_KEY_UIApplicationSceneManifest_Generation = YES;
				INFOPLIST_KEY_UIApplicationSupportsIndirectInputEvents = YES;
				INFOPLIST_KEY_UILaunchScreen_Generation = YES;
				INFOPLIST_KEY_UISupportedInterfaceOrientations_iPad = "UIInterfaceOrientationPortrait UIInterfaceOrientationPortraitUpsideDown UIInterfaceOrientationLandscapeLeft UIInterfaceOrientationLandscapeRight";
				INFOPLIST_KEY_UISupportedInterfaceOrientations_iPhone = "UIInterfaceOrientationPortrait UIInterfaceOrientationLandscapeLeft UIInterfaceOrientationLandscapeRight";
				LD_RUNPATH_SEARCH_PATHS = (
					"$(inherited)",
					"@executable_path/Frameworks",
				);
				MARKETING_VERSION = 1.0;
				PRODUCT_BUNDLE_IDENTIFIER = "sladdagiri.SLEAP-iOS";
				PRODUCT_NAME = "$(TARGET_NAME)";
				STRING_CATALOG_GENERATE_SYMBOLS = YES;
				SWIFT_APPROACHABLE_CONCURRENCY = YES;
				SWIFT_DEFAULT_ACTOR_ISOLATION = MainActor;
				SWIFT_EMIT_LOC_STRINGS = YES;
				SWIFT_UPCOMING_FEATURE_MEMBER_IMPORT_VISIBILITY = YES;
				SWIFT_VERSION = 5.0;
				TARGETED_DEVICE_FAMILY = "1,2";
			};
			name = Debug;
		};
		44FC68C83064C5EF005654DF /* Release configuration for PBXNativeTarget "SLEAP iOS" */ = {
			isa = XCBuildConfiguration;
			buildSettings = {
				ASSETCATALOG_COMPILER_APPICON_NAME = AppIcon;
				ASSETCATALOG_COMPILER_GLOBAL_ACCENT_COLOR_NAME = AccentColor;
				CODE_SIGN_STYLE = Automatic;
				CURRENT_PROJECT_VERSION = 1;
				DEVELOPMENT_TEAM = D7Q7DB5R8J;
				ENABLE_PREVIEWS = YES;
				GENERATE_INFOPLIST_FILE = YES;
				INFOPLIST_KEY_UIApplicationSceneManifest_Generation = YES;
				INFOPLIST_KEY_UIApplicationSupportsIndirectInputEvents = YES;
				INFOPLIST_KEY_UILaunchScreen_Generation = YES;
				INFOPLIST_KEY_UISupportedInterfaceOrientations_iPad = "UIInterfaceOrientationPortrait UIInterfaceOrientationPortraitUpsideDown UIInterfaceOrientationLandscapeLeft UIInterfaceOrientationLandscapeRight";
				INFOPLIST_KEY_UISupportedInterfaceOrientations_iPhone = "UIInterfaceOrientationPortrait UIInterfaceOrientationLandscapeLeft UIInterfaceOrientationLandscapeRight";
				LD_RUNPATH_SEARCH_PATHS = (
					"$(inherited)",
					"@executable_path/Frameworks",
				);
				MARKETING_VERSION = 1.0;
				PRODUCT_BUNDLE_IDENTIFIER = "sladdagiri.SLEAP-iOS";
				PRODUCT_NAME = "$(TARGET_NAME)";
				STRING_CATALOG_GENERATE_SYMBOLS = YES;
				SWIFT_APPROACHABLE_CONCURRENCY = YES;
				SWIFT_DEFAULT_ACTOR_ISOLATION = MainActor;
				SWIFT_EMIT_LOC_STRINGS = YES;
				SWIFT_UPCOMING_FEATURE_MEMBER_IMPORT_VISIBILITY = YES;
				SWIFT_VERSION = 5.0;
				TARGETED_DEVICE_FAMILY = "1,2";
			};
			name = Release;
		};
		44FC68CA3064C5EF005654DF /* Debug configuration for PBXNativeTarget "SLEAP iOSTests" */ = {
			isa = XCBuildConfiguration;
			buildSettings = {
				BUNDLE_LOADER = "$(TEST_HOST)";
				CODE_SIGN_STYLE = Automatic;
				CURRENT_PROJECT_VERSION = 1;
				DEVELOPMENT_TEAM = D7Q7DB5R8J;
				GENERATE_INFOPLIST_FILE = YES;
				IPHONEOS_DEPLOYMENT_TARGET = 27.0;
				MARKETING_VERSION = 1.0;
				PRODUCT_BUNDLE_IDENTIFIER = "sladdagiri.SLEAP-iOSTests";
				PRODUCT_NAME = "$(TARGET_NAME)";
				STRING_CATALOG_GENERATE_SYMBOLS = NO;
				SWIFT_APPROACHABLE_CONCURRENCY = YES;
				SWIFT_EMIT_LOC_STRINGS = NO;
				SWIFT_UPCOMING_FEATURE_MEMBER_IMPORT_VISIBILITY = YES;
				SWIFT_VERSION = 5.0;
				TARGETED_DEVICE_FAMILY = "1,2";
				TEST_HOST = "$(BUILT_PRODUCTS_DIR)/SLEAP iOS.app/$(BUNDLE_EXECUTABLE_FOLDER_PATH)/SLEAP iOS";
			};
			name = Debug;
		};
		44FC68CB3064C5EF005654DF /* Release configuration for PBXNativeTarget "SLEAP iOSTests" */ = {
			isa = XCBuildConfiguration;
			buildSettings = {
				BUNDLE_LOADER = "$(TEST_HOST)";
				CODE_SIGN_STYLE = Automatic;
				CURRENT_PROJECT_VERSION = 1;
				DEVELOPMENT_TEAM = D7Q7DB5R8J;
				GENERATE_INFOPLIST_FILE = YES;
				IPHONEOS_DEPLOYMENT_TARGET = 27.0;
				MARKETING_VERSION = 1.0;
				PRODUCT_BUNDLE_IDENTIFIER = "sladdagiri.SLEAP-iOSTests";
				PRODUCT_NAME = "$(TARGET_NAME)";
				STRING_CATALOG_GENERATE_SYMBOLS = NO;
				SWIFT_APPROACHABLE_CONCURRENCY = YES;
				SWIFT_EMIT_LOC_STRINGS = NO;
				SWIFT_UPCOMING_FEATURE_MEMBER_IMPORT_VISIBILITY = YES;
				SWIFT_VERSION = 5.0;
				TARGETED_DEVICE_FAMILY = "1,2";
				TEST_HOST = "$(BUILT_PRODUCTS_DIR)/SLEAP iOS.app/$(BUNDLE_EXECUTABLE_FOLDER_PATH)/SLEAP iOS";
			};
			name = Release;
		};
		44FC68CD3064C5EF005654DF /* Debug configuration for PBXNativeTarget "SLEAP iOSUITests" */ = {
			isa = XCBuildConfiguration;
			buildSettings = {
				CODE_SIGN_STYLE = Automatic;
				CURRENT_PROJECT_VERSION = 1;
				DEVELOPMENT_TEAM = D7Q7DB5R8J;
				GENERATE_INFOPLIST_FILE = YES;
				MARKETING_VERSION = 1.0;
				PRODUCT_BUNDLE_IDENTIFIER = "sladdagiri.SLEAP-iOSUITests";
				PRODUCT_NAME = "$(TARGET_NAME)";
				STRING_CATALOG_GENERATE_SYMBOLS = NO;
				SWIFT_APPROACHABLE_CONCURRENCY = YES;
				SWIFT_EMIT_LOC_STRINGS = NO;
				SWIFT_UPCOMING_FEATURE_MEMBER_IMPORT_VISIBILITY = YES;
				SWIFT_VERSION = 5.0;
				TARGETED_DEVICE_FAMILY = "1,2";
				TEST_TARGET_NAME = "SLEAP iOS";
			};
			name = Debug;
		};
		44FC68CE3064C5EF005654DF /* Release configuration for PBXNativeTarget "SLEAP iOSUITests" */ = {
			isa = XCBuildConfiguration;
			buildSettings = {
				CODE_SIGN_STYLE = Automatic;
				CURRENT_PROJECT_VERSION = 1;
				DEVELOPMENT_TEAM = D7Q7DB5R8J;
				GENERATE_INFOPLIST_FILE = YES;
				MARKETING_VERSION = 1.0;
				PRODUCT_BUNDLE_IDENTIFIER = "sladdagiri.SLEAP-iOSUITests";
				PRODUCT_NAME = "$(TARGET_NAME)";
				STRING_CATALOG_GENERATE_SYMBOLS = NO;
				SWIFT_APPROACHABLE_CONCURRENCY = YES;
				SWIFT_EMIT_LOC_STRINGS = NO;
				SWIFT_UPCOMING_FEATURE_MEMBER_IMPORT_VISIBILITY = YES;
				SWIFT_VERSION = 5.0;
				TARGETED_DEVICE_FAMILY = "1,2";
				TEST_TARGET_NAME = "SLEAP iOS";
			};
			name = Release;
		};
/* End XCBuildConfiguration section */

/* Begin XCConfigurationList section */
		44FC68A23064C5ED005654DF /* Build configuration list for PBXProject "SLEAP iOS" */ = {
			isa = XCConfigurationList;
			buildConfigurations = (
				44FC68C43064C5EF005654DF /* Debug configuration for PBXProject "SLEAP iOS" */,
				44FC68C53064C5EF005654DF /* Release configuration for PBXProject "SLEAP iOS" */,
			);
			defaultConfigurationName = Release;
		};
		44FC68C63064C5EF005654DF /* Build configuration list for PBXNativeTarget "SLEAP iOS" */ = {
			isa = XCConfigurationList;
			buildConfigurations = (
				44FC68C73064C5EF005654DF /* Debug configuration for PBXNativeTarget "SLEAP iOS" */,
				44FC68C83064C5EF005654DF /* Release configuration for PBXNativeTarget "SLEAP iOS" */,
			);
			defaultConfigurationName = Release;
		};
		44FC68C93064C5EF005654DF /* Build configuration list for PBXNativeTarget "SLEAP iOSTests" */ = {
			isa = XCConfigurationList;
			buildConfigurations = (
				44FC68CA3064C5EF005654DF /* Debug configuration for PBXNativeTarget "SLEAP iOSTests" */,
				44FC68CB3064C5EF005654DF /* Release configuration for PBXNativeTarget "SLEAP iOSTests" */,
			);
			defaultConfigurationName = Release;
		};
		44FC68CC3064C5EF005654DF /* Build configuration list for PBXNativeTarget "SLEAP iOSUITests" */ = {
			isa = XCConfigurationList;
			buildConfigurations = (
				44FC68CD3064C5EF005654DF /* Debug configuration for PBXNativeTarget "SLEAP iOSUITests" */,
				44FC68CE3064C5EF005654DF /* Release configuration for PBXNativeTarget "SLEAP iOSUITests" */,
			);
			defaultConfigurationName = Release;
		};
/* End XCConfigurationList section */
	};
	rootObject = 44FC689F3064C5ED005654DF /* Project object */;
	validationLevel = 1;
}
